
Microsoft Visual Studio Solution File, Format Version 12.00
# Visual Studio Version 16
VisualStudioVersion = 16.0.31005.135
MinimumVisualStudioVersion = 10.0.40219.1
Project("{9A19103F-16F7-4668-BE54-9A1E7A4F7556}") = "ApiKey", "ApiKey\ApiKey.csproj", "{A893EF41-8A7A-41F4-A636-B4DBD1B79740}"
EndProject
Project("{FAE04EC0-301F-11D3-BF4B-00C04F79EFBC}") = "apiKeyRsa", "apiKeyRsa\apiKeyRsa.csproj", "{BB0A4046-B1C4-4E67-A673-6F54320125B1}"
EndProject
Global
	GlobalSection(SolutionConfigurationPlatforms) = preSolution
		Debug|Any CPU = Debug|Any CPU
		Release|Any CPU = Release|Any CPU
	EndGlobalSection
	GlobalSection(ProjectConfigurationPlatforms) = postSolution
		{A893EF41-8A7A-41F4-A636-B4DBD1B79740}.Debug|Any CPU.ActiveCfg = Debug|Any CPU
		{A893EF41-8A7A-41F4-A636-B4DBD1B79740}.Debug|Any CPU.Build.0 = Debug|Any CPU
		{A893EF41-8A7A-41F4-A636-B4DBD1B79740}.Release|Any CPU.ActiveCfg = Release|Any CPU
		{A893EF41-8A7A-41F4-A636-B4DBD1B79740}.Release|Any CPU.Build.0 = Release|Any CPU
		{BB0A4046-B1C4-4E67-A673-6F54320125B1}.Debug|Any CPU.ActiveCfg = Debug|Any CPU
		{BB0A4046-B1C4-4E67-A673-6F54320125B1}.Debug|Any CPU.Build.0 = Debug|Any CPU
		{BB0A4046-B1C4-4E67-A673-6F54320125B1}.Release|Any CPU.ActiveCfg = Release|Any CPU
		{BB0A4046-B1C4-4E67-A673-6F54320125B1}.Release|Any CPU.Build.0 = Release|Any CPU
	EndGlobalSection
	GlobalSection(SolutionProperties) = preSolution
		HideSolutionNode = FALSE
	EndGlobalSection
	GlobalSection(ExtensibilityGlobals) = postSolution
		SolutionGuid = {AD6F9328-A64E-4320-8B9E-EE83A9B9E022}
	EndGlobalSection
EndGlobal
